
Microsoft Visual Studio Solution File, Format Version 12.00
# Visual Studio Version 17
VisualStudioVersion = 17.2.32630.192
MinimumVisualStudioVersion = 10.0.40219.1
Project("{FAE04EC0-301F-11D3-BF4B-00C04F79EFBC}") = "ExperienceCounter_2", "ExperienceCounter_2\ExperienceCounter_2.csproj", "{7DDDCFCB-001F-46D8-B1A2-A15683AE5861}"
EndProject
Global
	GlobalSection(SolutionConfigurationPlatforms) = preSolution
		Debug|Any CPU = Debug|Any CPU
		Release|Any CPU = Release|Any CPU
	EndGlobalSection
	GlobalSection(ProjectConfigurationPlatforms) = postSolution
		{7DDDCFCB-001F-46D8-B1A2-A15683AE5861}.Debug|Any CPU.ActiveCfg = Debug|Any CPU
		{7DDDCFCB-001F-46D8-B1A2-A15683AE5861}.Debug|Any CPU.Build.0 = Debug|Any CPU
		{7DDDCFCB-001F-46D8-B1A2-A15683AE5861}.Release|Any CPU.ActiveCfg = Release|Any CPU
		{7DDDCFCB-001F-46D8-B1A2-A15683AE5861}.Release|Any CPU.Build.0 = Release|Any CPU
	EndGlobalSection
	GlobalSection(SolutionProperties) = preSolution
		HideSolutionNode = FALSE
	EndGlobalSection
	GlobalSection(ExtensibilityGlobals) = postSolution
		SolutionGuid = {74B8BE7F-DC48-483F-ADC8-03E7B25F08AF}
	EndGlobalSection
EndGlobal
